
Microsoft Visual Studio Solution File, Format Version 12.00
# Visual Studio Version 17
VisualStudioVersion = 17.0.32112.339
MinimumVisualStudioVersion = 10.0.40219.1
Project("{8BC9CEB8-8B4A-11D0-8D11-00A0C91BC942}") = "1.1", "1.1\1.1.vcxproj", "{156E0386-F29C-4422-AE4B-C3A0DCF6E7B1}"
EndProject
Project("{8BC9CEB8-8B4A-11D0-8D11-00A0C91BC942}") = "1.2", "1.2\1.2.vcxproj", "{188B84C2-3582-4103-B486-99C64BF4A542}"
EndProject
Project("{8BC9CEB8-8B4A-11D0-8D11-00A0C91BC942}") = "1.3", "1.3\1.3.vcxproj", "{C2FCD427-BAEB-4300-936C-3AA49ED907C2}"
EndProject
Project("{8BC9CEB8-8B4A-11D0-8D11-00A0C91BC942}") = "1.4", "1.4\1.4.vcxproj", "{D697A7E4-BD50-4D6A-84CB-ACCBB8CD2DF5}"
EndProject
Project("{8BC9CEB8-8B4A-11D0-8D11-00A0C91BC942}") = "1.5", "1.5\1.5.vcxproj", "{561259BD-9575-450F-8C82-D1FD91E748A5}"
EndProject
Project("{8BC9CEB8-8B4A-11D0-8D11-00A0C91BC942}") = "2.1", "2.1\2.1.vcxproj", "{AD47C0FF-AFA0-4F98-8E19-E8C15B463E7E}"
EndProject
Project("{8BC9CEB8-8B4A-11D0-8D11-00A0C91BC942}") = "2.2", "2.2\2.2.vcxproj", "{B10E7A38-8FB6-4B62-9C11-9CF7E5D15751}"
EndProject
Project("{8BC9CEB8-8B4A-11D0-8D11-00A0C91BC942}") = "2.3", "2.3\2.3.vcxproj", "{3B1E78F1-CE24-4F04-8B00-6E7B742B52AA}"
EndProject
Project("{8BC9CEB8-8B4A-11D0-8D11-00A0C91BC942}") = "2.4", "2.4\2.4.vcxproj", "{B3011FC7-717F-4E70-B1B4-487A8835B6DA}"
EndProject
Project("{8BC9CEB8-8B4A-11D0-8D11-00A0C91BC942}") = "2.5", "2.5\2.5.vcxproj", "{DD5E1154-ADB4-4269-BBD6-9094218988C6}"
EndProject
Project("{8BC9CEB8-8B4A-11D0-8D11-00A0C91BC942}") = "2.6", "2.6\2.6.vcxproj", "{96440DCF-27DF-4323-A4FD-A6A5493CBE71}"
EndProject
Project("{8BC9CEB8-8B4A-11D0-8D11-00A0C91BC942}") = "3.1", "3.1\3.1.vcxproj", "{9A12BEC2-8B87-44D7-8F1A-305C53F1EEDF}"
EndProject
Project("{8BC9CEB8-8B4A-11D0-8D11-00A0C91BC942}") = "3.2", "3.2\3.2.vcxproj", "{BF5E4CB8-7C31-4460-8CBE-4E6F45B32AC2}"
EndProject
Project("{8BC9CEB8-8B4A-11D0-8D11-00A0C91BC942}") = "3.3", "3.3\3.3.vcxproj", "{86F24F4C-488F-46C2-AA4F-7272D47B778C}"
EndProject
Project("{8BC9CEB8-8B4A-11D0-8D11-00A0C91BC942}") = "3.4", "3.4\3.4.vcxproj", "{DE389802-D4EE-4DCD-9947-A40D8098BA36}"
EndProject
Project("{8BC9CEB8-8B4A-11D0-8D11-00A0C91BC942}") = "3.5", "3.5\3.5.vcxproj", "{F36AEB6F-C474-418A-8CF6-5F67690BEFEF}"
EndProject
Project("{8BC9CEB8-8B4A-11D0-8D11-00A0C91BC942}") = "3.6", "3.6\3.6.vcxproj", "{4E5D38C8-B5D2-42C0-8FA3-C6A9F46B7519}"
EndProject
Project("{8BC9CEB8-8B4A-11D0-8D11-00A0C91BC942}") = "4.1", "4.1\4.1.vcxproj", "{30B128A2-6D53-4959-BD3E-CB4C18C9F6FA}"
EndProject
Project("{8BC9CEB8-8B4A-11D0-8D11-00A0C91BC942}") = "4.9", "4.9\4.9.vcxproj", "{CE10330D-3156-42C5-9018-72D01916A6A1}"
EndProject
Global
	GlobalSection(SolutionConfigurationPlatforms) = preSolution
		Debug|x64 = Debug|x64
		Debug|x86 = Debug|x86
		Release|x64 = Release|x64
		Release|x86 = Release|x86
	EndGlobalSection
	GlobalSection(ProjectConfigurationPlatforms) = postSolution
		{156E0386-F29C-4422-AE4B-C3A0DCF6E7B1}.Debug|x64.ActiveCfg = Debug|x64
		{156E0386-F29C-4422-AE4B-C3A0DCF6E7B1}.Debug|x64.Build.0 = Debug|x64
		{156E0386-F29C-4422-AE4B-C3A0DCF6E7B1}.Debug|x86.ActiveCfg = Debug|Win32
		{156E0386-F29C-4422-AE4B-C3A0DCF6E7B1}.Debug|x86.Build.0 = Debug|Win32
		{156E0386-F29C-4422-AE4B-C3A0DCF6E7B1}.Release|x64.ActiveCfg = Release|x64
		{156E0386-F29C-4422-AE4B-C3A0DCF6E7B1}.Release|x64.Build.0 = Release|x64
		{156E0386-F29C-4422-AE4B-C3A0DCF6E7B1}.Release|x86.ActiveCfg = Release|Win32
		{156E0386-F29C-4422-AE4B-C3A0DCF6E7B1}.Release|x86.Build.0 = Release|Win32
		{188B84C2-3582-4103-B486-99C64BF4A542}.Debug|x64.ActiveCfg = Debug|x64
		{188B84C2-3582-4103-B486-99C64BF4A542}.Debug|x64.Build.0 = Debug|x64
		{188B84C2-3582-4103-B486-99C64BF4A542}.Debug|x86.ActiveCfg = Debug|Win32
		{188B84C2-3582-4103-B486-99C64BF4A542}.Debug|x86.Build.0 = Debug|Win32
		{188B84C2-3582-4103-B486-99C64BF4A542}.Release|x64.ActiveCfg = Release|x64
		{188B84C2-3582-4103-B486-99C64BF4A542}.Release|x64.Build.0 = Release|x64
		{188B84C2-3582-4103-B486-99C64BF4A542}.Release|x86.ActiveCfg = Release|Win32
		{188B84C2-3582-4103-B486-99C64BF4A542}.Release|x86.Build.0 = Release|Win32
		{C2FCD427-BAEB-4300-936C-3AA49ED907C2}.Debug|x64.ActiveCfg = Debug|x64
		{C2FCD427-BAEB-4300-936C-3AA49ED907C2}.Debug|x64.Build.0 = Debug|x64
		{C2FCD427-BAEB-4300-936C-3AA49ED907C2}.Debug|x86.ActiveCfg = Debug|Win32
		{C2FCD427-BAEB-4300-936C-3AA49ED907C2}.Debug|x86.Build.0 = Debug|Win32
		{C2FCD427-BAEB-4300-936C-3AA49ED907C2}.Release|x64.ActiveCfg = Release|x64
		{C2FCD427-BAEB-4300-936C-3AA49ED907C2}.Release|x64.Build.0 = Release|x64
		{C2FCD427-BAEB-4300-936C-3AA49ED907C2}.Release|x86.ActiveCfg = Release|Win32
		{C2FCD427-BAEB-4300-936C-3AA49ED907C2}.Release|x86.Build.0 = Release|Win32
		{D697A7E4-BD50-4D6A-84CB-ACCBB8CD2DF5}.Debug|x64.ActiveCfg = Debug|x64
		{D697A7E4-BD50-4D6A-84CB-ACCBB8CD2DF5}.Debug|x64.Build.0 = Debug|x64
		{D697A7E4-BD50-4D6A-84CB-ACCBB8CD2DF5}.Debug|x86.ActiveCfg = Debug|Win32
		{D697A7E4-BD50-4D6A-84CB-ACCBB8CD2DF5}.Debug|x86.Build.0 = Debug|Win32
		{D697A7E4-BD50-4D6A-84CB-ACCBB8CD2DF5}.Release|x64.ActiveCfg = Release|x64
		{D697A7E4-BD50-4D6A-84CB-ACCBB8CD2DF5}.Release|x64.Build.0 = Release|x64
		{D697A7E4-BD50-4D6A-84CB-ACCBB8CD2DF5}.Release|x86.ActiveCfg = Release|Win32
		{D697A7E4-BD50-4D6A-84CB-ACCBB8CD2DF5}.Release|x86.Build.0 = Release|Win32
		{561259BD-9575-450F-8C82-D1FD91E748A5}.Debug|x64.ActiveCfg = Debug|x64
		{561259BD-9575-450F-8C82-D1FD91E748A5}.Debug|x64.Build.0 = Debug|x64
		{561259BD-9575-450F-8C82-D1FD91E748A5}.Debug|x86.ActiveCfg = Debug|Win32
		{561259BD-9575-450F-8C82-D1FD91E748A5}.Debug|x86.Build.0 = Debug|Win32
		{561259BD-9575-450F-8C82-D1FD91E748A5}.Release|x64.ActiveCfg = Release|x64
		{561259BD-9575-450F-8C82-D1FD91E748A5}.Release|x64.Build.0 = Release|x64
		{561259BD-9575-450F-8C82-D1FD91E748A5}.Release|x86.ActiveCfg = Release|Win32
		{561259BD-9575-450F-8C82-D1FD91E748A5}.Release|x86.Build.0 = Release|Win32
		{AD47C0FF-AFA0-4F98-8E19-E8C15B463E7E}.Debug|x64.ActiveCfg = Debug|x64
		{AD47C0FF-AFA0-4F98-8E19-E8C15B463E7E}.Debug|x64.Build.0 = Debug|x64
		{AD47C0FF-AFA0-4F98-8E19-E8C15B463E7E}.Debug|x86.ActiveCfg = Debug|Win32
		{AD47C0FF-AFA0-4F98-8E19-E8C15B463E7E}.Debug|x86.Build.0 = Debug|Win32
		{AD47C0FF-AFA0-4F98-8E19-E8C15B463E7E}.Release|x64.ActiveCfg = Release|x64
		{AD47C0FF-AFA0-4F98-8E19-E8C15B463E7E}.Release|x64.Build.0 = Release|x64
		{AD47C0FF-AFA0-4F98-8E19-E8C15B463E7E}.Release|x86.ActiveCfg = Release|Win32
		{AD47C0FF-AFA0-4F98-8E19-E8C15B463E7E}.Release|x86.Build.0 = Release|Win32
		{B10E7A38-8FB6-4B62-9C11-9CF7E5D15751}.Debug|x64.ActiveCfg = Debug|x64
		{B10E7A38-8FB6-4B62-9C11-9CF7E5D15751}.Debug|x64.Build.0 = Debug|x64
		{B10E7A38-8FB6-4B62-9C11-9CF7E5D15751}.Debug|x86.ActiveCfg = Debug|Win32
		{B10E7A38-8FB6-4B62-9C11-9CF7E5D15751}.Debug|x86.Build.0 = Debug|Win32
		{B10E7A38-8FB6-4B62-9C11-9CF7E5D15751}.Release|x64.ActiveCfg = Release|x64
		{B10E7A38-8FB6-4B62-9C11-9CF7E5D15751}.Release|x64.Build.0 = Release|x64
		{B10E7A38-8FB6-4B62-9C11-9CF7E5D15751}.Release|x86.ActiveCfg = Release|Win32
		{B10E7A38-8FB6-4B62-9C11-9CF7E5D15751}.Release|x86.Build.0 = Release|Win32
		{3B1E78F1-CE24-4F04-8B00-6E7B742B52AA}.Debug|x64.ActiveCfg = Debug|x64
		{3B1E78F1-CE24-4F04-8B00-6E7B742B52AA}.Debug|x64.Build.0 = Debug|x64
		{3B1E78F1-CE24-4F04-8B00-6E7B742B52AA}.Debug|x86.ActiveCfg = Debug|Win32
		{3B1E78F1-CE24-4F04-8B00-6E7B742B52AA}.Debug|x86.Build.0 = Debug|Win32
		{3B1E78F1-CE24-4F04-8B00-6E7B742B52AA}.Release|x64.ActiveCfg = Release|x64
		{3B1E78F1-CE24-4F04-8B00-6E7B742B52AA}.Release|x64.Build.0 = Release|x64
		{3B1E78F1-CE24-4F04-8B00-6E7B742B52AA}.Release|x86.ActiveCfg = Release|Win32
		{3B1E78F1-CE24-4F04-8B00-6E7B742B52AA}.Release|x86.Build.0 = Release|Win32
		{B3011FC7-717F-4E70-B1B4-487A8835B6DA}.Debug|x64.ActiveCfg = Debug|x64
		{B3011FC7-717F-4E70-B1B4-487A8835B6DA}.Debug|x64.Build.0 = Debug|x64
		{B3011FC7-717F-4E70-B1B4-487A8835B6DA}.Debug|x86.ActiveCfg = Debug|Win32
		{B3011FC7-717F-4E70-B1B4-487A8835B6DA}.Debug|x86.Build.0 = Debug|Win32
		{B3011FC7-717F-4E70-B1B4-487A8835B6DA}.Release|x64.ActiveCfg = Release|x64
		{B3011FC7-717F-4E70-B1B4-487A8835B6DA}.Release|x64.Build.0 = Release|x64
		{B3011FC7-717F-4E70-B1B4-487A8835B6DA}.Release|x86.ActiveCfg = Release|Win32
		{B3011FC7-717F-4E70-B1B4-487A8835B6DA}.Release|x86.Build.0 = Release|Win32
		{DD5E1154-ADB4-4269-BBD6-9094218988C6}.Debug|x64.ActiveCfg = Debug|x64
		{DD5E1154-ADB4-4269-BBD6-9094218988C6}.Debug|x64.Build.0 = Debug|x64
		{DD5E1154-ADB4-4269-BBD6-9094218988C6}.Debug|x86.ActiveCfg = Debug|Win32
		{DD5E1154-ADB4-4269-BBD6-9094218988C6}.Debug|x86.Build.0 = Debug|Win32
		{DD5E1154-ADB4-4269-BBD6-9094218988C6}.Release|x64.ActiveCfg = Release|x64
		{DD5E1154-ADB4-4269-BBD6-9094218988C6}.Release|x64.Build.0 = Release|x64
		{DD5E1154-ADB4-4269-BBD6-9094218988C6}.Release|x86.ActiveCfg = Release|Win32
		{DD5E1154-ADB4-4269-BBD6-9094218988C6}.Release|x86.Build.0 = Release|Win32
		{96440DCF-27DF-4323-A4FD-A6A5493CBE71}.Debug|x64.ActiveCfg = Debug|x64
		{96440DCF-27DF-4323-A4FD-A6A5493CBE71}.Debug|x64.Build.0 = Debug|x64
		{96440DCF-27DF-4323-A4FD-A6A5493CBE71}.Debug|x86.ActiveCfg = Debug|Win32
		{96440DCF-27DF-4323-A4FD-A6A5493CBE71}.Debug|x86.Build.0 = Debug|Win32
		{96440DCF-27DF-4323-A4FD-A6A5493CBE71}.Release|x64.ActiveCfg = Release|x64
		{96440DCF-27DF-4323-A4FD-A6A5493CBE71}.Release|x64.Build.0 = Release|x64
		{96440DCF-27DF-4323-A4FD-A6A5493CBE71}.Release|x86.ActiveCfg = Release|Win32
		{96440DCF-27DF-4323-A4FD-A6A5493CBE71}.Release|x86.Build.0 = Release|Win32
		{9A12BEC2-8B87-44D7-8F1A-305C53F1EEDF}.Debug|x64.ActiveCfg = Debug|x64
		{9A12BEC2-8B87-44D7-8F1A-305C53F1EEDF}.Debug|x64.Build.0 = Debug|x64
		{9A12BEC2-8B87-44D7-8F1A-305C53F1EEDF}.Debug|x86.ActiveCfg = Debug|Win32
		{9A12BEC2-8B87-44D7-8F1A-305C53F1EEDF}.Debug|x86.Build.0 = Debug|Win32
		{9A12BEC2-8B87-44D7-8F1A-305C53F1EEDF}.Release|x64.ActiveCfg = Release|x64
		{9A12BEC2-8B87-44D7-8F1A-305C53F1EEDF}.Release|x64.Build.0 = Release|x64
		{9A12BEC2-8B87-44D7-8F1A-305C53F1EEDF}.Release|x86.ActiveCfg = Release|Win32
		{9A12BEC2-8B87-44D7-8F1A-305C53F1EEDF}.Release|x86.Build.0 = Release|Win32
		{BF5E4CB8-7C31-4460-8CBE-4E6F45B32AC2}.Debug|x64.ActiveCfg = Debug|x64
		{BF5E4CB8-7C31-4460-8CBE-4E6F45B32AC2}.Debug|x64.Build.0 = Debug|x64
		{BF5E4CB8-7C31-4460-8CBE-4E6F45B32AC2}.Debug|x86.ActiveCfg = Debug|Win32
		{BF5E4CB8-7C31-4460-8CBE-4E6F45B32AC2}.Debug|x86.Build.0 = Debug|Win32
		{BF5E4CB8-7C31-4460-8CBE-4E6F45B32AC2}.Release|x64.ActiveCfg = Release|x64
		{BF5E4CB8-7C31-4460-8CBE-4E6F45B32AC2}.Release|x64.Build.0 = Release|x64
		{BF5E4CB8-7C31-4460-8CBE-4E6F45B32AC2}.Release|x86.ActiveCfg = Release|Win32
		{BF5E4CB8-7C31-4460-8CBE-4E6F45B32AC2}.Release|x86.Build.0 = Release|Win32
		{86F24F4C-488F-46C2-AA4F-7272D47B778C}.Debug|x64.ActiveCfg = Debug|x64
		{86F24F4C-488F-46C2-AA4F-7272D47B778C}.Debug|x64.Build.0 = Debug|x64
		{86F24F4C-488F-46C2-AA4F-7272D47B778C}.Debug|x86.ActiveCfg = Debug|Win32
		{86F24F4C-488F-46C2-AA4F-7272D47B778C}.Debug|x86.Build.0 = Debug|Win32
		{86F24F4C-488F-46C2-AA4F-7272D47B778C}.Release|x64.ActiveCfg = Release|x64
		{86F24F4C-488F-46C2-AA4F-7272D47B778C}.Release|x64.Build.0 = Release|x64
		{86F24F4C-488F-46C2-AA4F-7272D47B778C}.Release|x86.ActiveCfg = Release|Win32
		{86F24F4C-488F-46C2-AA4F-7272D47B778C}.Release|x86.Build.0 = Release|Win32
		{DE389802-D4EE-4DCD-9947-A40D8098BA36}.Debug|x64.ActiveCfg = Debug|x64
		{DE389802-D4EE-4DCD-9947-A40D8098BA36}.Debug|x64.Build.0 = Debug|x64
		{DE389802-D4EE-4DCD-9947-A40D8098BA36}.Debug|x86.ActiveCfg = Debug|Win32
		{DE389802-D4EE-4DCD-9947-A40D8098BA36}.Debug|x86.Build.0 = Debug|Win32
		{DE389802-D4EE-4DCD-9947-A40D8098BA36}.Release|x64.ActiveCfg = Release|x64
		{DE389802-D4EE-4DCD-9947-A40D8098BA36}.Release|x64.Build.0 = Release|x64
		{DE389802-D4EE-4DCD-9947-A40D8098BA36}.Release|x86.ActiveCfg = Release|Win32
		{DE389802-D4EE-4DCD-9947-A40D8098BA36}.Release|x86.Build.0 = Release|Win32
		{F36AEB6F-C474-418A-8CF6-5F67690BEFEF}.Debug|x64.ActiveCfg = Debug|x64
		{F36AEB6F-C474-418A-8CF6-5F67690BEFEF}.Debug|x64.Build.0 = Debug|x64
		{F36AEB6F-C474-418A-8CF6-5F67690BEFEF}.Debug|x86.ActiveCfg = Debug|Win32
		{F36AEB6F-C474-418A-8CF6-5F67690BEFEF}.Debug|x86.Build.0 = Debug|Win32
		{F36AEB6F-C474-418A-8CF6-5F67690BEFEF}.Release|x64.ActiveCfg = Release|x64
		{F36AEB6F-C474-418A-8CF6-5F67690BEFEF}.Release|x64.Build.0 = Release|x64
		{F36AEB6F-C474-418A-8CF6-5F67690BEFEF}.Release|x86.ActiveCfg = Release|Win32
		{F36AEB6F-C474-418A-8CF6-5F67690BEFEF}.Release|x86.Build.0 = Release|Win32
		{4E5D38C8-B5D2-42C0-8FA3-C6A9F46B7519}.Debug|x64.ActiveCfg = Debug|x64
		{4E5D38C8-B5D2-42C0-8FA3-C6A9F46B7519}.Debug|x64.Build.0 = Debug|x64
		{4E5D38C8-B5D2-42C0-8FA3-C6A9F46B7519}.Debug|x86.ActiveCfg = Debug|Win32
		{4E5D38C8-B5D2-42C0-8FA3-C6A9F46B7519}.Debug|x86.Build.0 = Debug|Win32
		{4E5D38C8-B5D2-42C0-8FA3-C6A9F46B7519}.Release|x64.ActiveCfg = Release|x64
		{4E5D38C8-B5D2-42C0-8FA3-C6A9F46B7519}.Release|x64.Build.0 = Release|x64
		{4E5D38C8-B5D2-42C0-8FA3-C6A9F46B7519}.Release|x86.ActiveCfg = Release|Win32
		{4E5D38C8-B5D2-42C0-8FA3-C6A9F46B7519}.Release|x86.Build.0 = Release|Win32
		{30B128A2-6D53-4959-BD3E-CB4C18C9F6FA}.Debug|x64.ActiveCfg = Debug|x64
		{30B128A2-6D53-4959-BD3E-CB4C18C9F6FA}.Debug|x64.Build.0 = Debug|x64
		{30B128A2-6D53-4959-BD3E-CB4C18C9F6FA}.Debug|x86.ActiveCfg = Debug|Win32
		{30B128A2-6D53-4959-BD3E-CB4C18C9F6FA}.Debug|x86.Build.0 = Debug|Win32
		{30B128A2-6D53-4959-BD3E-CB4C18C9F6FA}.Release|x64.ActiveCfg = Release|x64
		{30B128A2-6D53-4959-BD3E-CB4C18C9F6FA}.Release|x64.Build.0 = Release|x64
		{30B128A2-6D53-4959-BD3E-CB4C18C9F6FA}.Release|x86.ActiveCfg = Release|Win32
		{30B128A2-6D53-4959-BD3E-CB4C18C9F6FA}.Release|x86.Build.0 = Release|Win32
		{CE10330D-3156-42C5-9018-72D01916A6A1}.Debug|x64.ActiveCfg = Debug|x64
		{CE10330D-3156-42C5-9018-72D01916A6A1}.Debug|x64.Build.0 = Debug|x64
		{CE10330D-3156-42C5-9018-72D01916A6A1}.Debug|x86.ActiveCfg = Debug|Win32
		{CE10330D-3156-42C5-9018-72D01916A6A1}.Debug|x86.Build.0 = Debug|Win32
		{CE10330D-3156-42C5-9018-72D01916A6A1}.Release|x64.ActiveCfg = Release|x64
		{CE10330D-3156-42C5-9018-72D01916A6A1}.Release|x64.Build.0 = Release|x64
		{CE10330D-3156-42C5-9018-72D01916A6A1}.Release|x86.ActiveCfg = Release|Win32
		{CE10330D-3156-42C5-9018-72D01916A6A1}.Release|x86.Build.0 = Release|Win32
	EndGlobalSection
	GlobalSection(SolutionProperties) = preSolution
		HideSolutionNode = FALSE
	EndGlobalSection
	GlobalSection(ExtensibilityGlobals) = postSolution
		SolutionGuid = {547D363C-AD61-4127-9212-4F723DB39130}
	EndGlobalSection
EndGlobal
